// !$*UTF8*$!
{
	archiveVersion = 1;
	classes = {
	};
	objectVersion = 56;
	objects = {

/* Begin PBXBuildFile section */
		DE1F699929EFA31600BEE46F /* Useless_AppApp.swift in Sources */ = {isa = PBXBuildFile; fileRef = DE1F699829EFA31600BEE46F /* Useless_AppApp.swift */; };
		DE1F699B29EFA31600BEE46F /* ContentView.swift in Sources */ = {isa = PBXBuildFile; fileRef = DE1F699A29EFA31600BEE46F /* ContentView.swift */; };
		DE1F699D29EFA31900BEE46F /* Assets.xcassets in Resources */ = {isa = PBXBuildFile; fileRef = DE1F699C29EFA31900BEE46F /* Assets.xcassets */; };
		DE1F69A129EFA31900BEE46F /* Preview Assets.xcassets in Resources */ = {isa = PBXBuildFile; fileRef = DE1F69A029EFA31900BEE46F /* Preview Assets.xcassets */; };
		DE1F69AB29EFA31A00BEE46F /* Useless_AppTests.swift in Sources */ = {isa = PBXBuildFile; fileRef = DE1F69AA29EFA31A00BEE46F /* Useless_AppTests.swift */; };
		DE1F69B529EFA31A00BEE46F /* Useless_AppUITests.swift in Sources */ = {isa = PBXBuildFile; fileRef = DE1F69B429EFA31A00BEE46F /* Useless_AppUITests.swift */; };
		DE1F69B729EFA31A00BEE46F /* Useless_AppUITestsLaunchTests.swift in Sources */ = {isa = PBXBuildFile; fileRef = DE1F69B629EFA31A00BEE46F /* Useless_AppUITestsLaunchTests.swift */; };
		DE1F69C529EFA3B800BEE46F /* Links.swift in Sources */ = {isa = PBXBuildFile; fileRef = DE1F69C429EFA3B800BEE46F /* Links.swift */; };
		DE1F69C829EFA47200BEE46F /* Welcome.swift in Sources */ = {isa = PBXBuildFile; fileRef = DE1F69C729EFA47100BEE46F /* Welcome.swift */; };
		DE1F69CC29EFA4E900BEE46F /* VisitedLinks.swift in Sources */ = {isa = PBXBuildFile; fileRef = DE1F69CB29EFA4E900BEE46F /* VisitedLinks.swift */; };
		DE1F69CE29EFA50A00BEE46F /* HistoryView.swift in Sources */ = {isa = PBXBuildFile; fileRef = DE1F69CD29EFA50A00BEE46F /* HistoryView.swift */; };
		DECA2E2729EFABF4007ACF5D /* GoogleMobileAds in Frameworks */ = {isa = PBXBuildFile; productRef = DECA2E2629EFABF4007ACF5D /* GoogleMobileAds */; };
/* End PBXBuildFile section */

/* Begin PBXContainerItemProxy section */
		DE1F69A729EFA31A00BEE46F /* PBXContainerItemProxy */ = {
			isa = PBXContainerItemProxy;
			containerPortal = DE1F698D29EFA31600BEE46F /* Project object */;
			proxyType = 1;
			remoteGlobalIDString = DE1F699429EFA31600BEE46F;
			remoteInfo = "Useless App";
		};
		DE1F69B129EFA31A00BEE46F /* PBXContainerItemProxy */ = {
			isa = PBXContainerItemProxy;
			containerPortal = DE1F698D29EFA31600BEE46F /* Project object */;
			proxyType = 1;
			remoteGlobalIDString = DE1F699429EFA31600BEE46F;
			remoteInfo = "Useless App";
		};
/* End PBXContainerItemProxy section */

/* Begin PBXFileReference section */
		DE1F699529EFA31600BEE46F /* Useless App.app */ = {isa = PBXFileReference; explicitFileType = wrapper.application; includeInIndex = 0; path = "Useless App.app"; sourceTree = BUILT_PRODUCTS_DIR; };
		DE1F699829EFA31600BEE46F /* Useless_AppApp.swift */ = {isa = PBXFileReference; lastKnownFileType = sourcecode.swift; path = Useless_AppApp.swift; sourceTree = "<group>"; };
		DE1F699A29EFA31600BEE46F /* ContentView.swift */ = {isa = PBXFileReference; lastKnownFileType = sourcecode.swift; path = ContentView.swift; sourceTree = "<group>"; };
		DE1F699C29EFA31900BEE46F /* Assets.xcassets */ = {isa = PBXFileReference; lastKnownFileType = folder.assetcatalog; path = Assets.xcassets; sourceTree = "<group>"; };
		DE1F699E29EFA31900BEE46F /* Useless_App.entitlements */ = {isa = PBXFileReference; lastKnownFileType = text.plist.entitlements; path = Useless_App.entitlements; sourceTree = "<group>"; };
		DE1F69A029EFA31900BEE46F /* Preview Assets.xcassets */ = {isa = PBXFileReference; lastKnownFileType = folder.assetcatalog; path = "Preview Assets.xcassets"; sourceTree = "<group>"; };
		DE1F69A629EFA31A00BEE46F /* Useless AppTests.xctest */ = {isa = PBXFileReference; explicitFileType = wrapper.cfbundle; includeInIndex = 0; path = "Useless AppTests.xctest"; sourceTree = BUILT_PRODUCTS_DIR; };
		DE1F69AA29EFA31A00BEE46F /* Useless_AppTests.swift */ = {isa = PBXFileReference; lastKnownFileType = sourcecode.swift; path = Useless_AppTests.swift; sourceTree = "<group>"; };
		DE1F69B029EFA31A00BEE46F /* Useless AppUITests.xctest */ = {isa = PBXFileReference; explicitFileType = wrapper.cfbundle; includeInIndex = 0; path = "Useless AppUITests.xctest"; sourceTree = BUILT_PRODUCTS_DIR; };
		DE1F69B429EFA31A00BEE46F /* Useless_AppUITests.swift */ = {isa = PBXFileReference; lastKnownFileType = sourcecode.swift; path = Useless_AppUITests.swift; sourceTree = "<group>"; };
		DE1F69B629EFA31A00BEE46F /* Useless_AppUITestsLaunchTests.swift */ = {isa = PBXFileReference; lastKnownFileType = sourcecode.swift; path = Useless_AppUITestsLaunchTests.swift; sourceTree = "<group>"; };
		DE1F69C429EFA3B800BEE46F /* Links.swift */ = {isa = PBXFileReference; lastKnownFileType = sourcecode.swift; path = Links.swift; sourceTree = "<group>"; };
		DE1F69C729EFA47100BEE46F /* Welcome.swift */ = {isa = PBXFileReference; lastKnownFileType = sourcecode.swift; path = Welcome.swift; sourceTree = "<group>"; };
		DE1F69CB29EFA4E900BEE46F /* VisitedLinks.swift */ = {isa = PBXFileReference; lastKnownFileType = sourcecode.swift; path = VisitedLinks.swift; sourceTree = "<group>"; };
		DE1F69CD29EFA50A00BEE46F /* HistoryView.swift */ = {isa = PBXFileReference; lastKnownFileType = sourcecode.swift; path = HistoryView.swift; sourceTree = "<group>"; };
		DEE2DC4929F0594A00EB4ED8 /* Useless-App-Info.plist */ = {isa = PBXFileReference; lastKnownFileType = text.plist; path = "Useless-App-Info.plist"; sourceTree = SOURCE_ROOT; };
/* End PBXFileReference section */

/* Begin PBXFrameworksBuildPhase section */
		DE1F699229EFA31600BEE46F /* Frameworks */ = {
			isa = PBXFrameworksBuildPhase;
			buildActionMask = 2147483647;
			files = (
				DECA2E2729EFABF4007ACF5D /* GoogleMobileAds in Frameworks */,
			);
			runOnlyForDeploymentPostprocessing = 0;
		};
		DE1F69A329EFA31A00BEE46F /* Frameworks */ = {
			isa = PBXFrameworksBuildPhase;
			buildActionMask = 2147483647;
			files = (
			);
			runOnlyForDeploymentPostprocessing = 0;
		};
		DE1F69AD29EFA31A00BEE46F /* Frameworks */ = {
			isa = PBXFrameworksBuildPhase;
			buildActionMask = 2147483647;
			files = (
			);
			runOnlyForDeploymentPostprocessing = 0;
		};
/* End PBXFrameworksBuildPhase section */

/* Begin PBXGroup section */
		DE1F698C29EFA31600BEE46F = {
			isa = PBXGroup;
			children = (
				DE1F699729EFA31600BEE46F /* Useless App */,
				DE1F69A929EFA31A00BEE46F /* Useless AppTests */,
				DE1F69B329EFA31A00BEE46F /* Useless AppUITests */,
				DE1F699629EFA31600BEE46F /* Products */,
			);
			sourceTree = "<group>";
		};
		DE1F699629EFA31600BEE46F /* Products */ = {
			isa = PBXGroup;
			children = (
				DE1F699529EFA31600BEE46F /* Useless App.app */,
				DE1F69A629EFA31A00BEE46F /* Useless AppTests.xctest */,
				DE1F69B029EFA31A00BEE46F /* Useless AppUITests.xctest */,
			);
			name = Products;
			sourceTree = "<group>";
		};
		DE1F699729EFA31600BEE46F /* Useless App */ = {
			isa = PBXGroup;
			children = (
				DEE2DC4929F0594A00EB4ED8 /* Useless-App-Info.plist */,
				DE1F699829EFA31600BEE46F /* Useless_AppApp.swift */,
				DE1F699A29EFA31600BEE46F /* ContentView.swift */,
				DE1F699C29EFA31900BEE46F /* Assets.xcassets */,
				DE1F699E29EFA31900BEE46F /* Useless_App.entitlements */,
				DE1F69C629EFA45700BEE46F /* Views */,
				DE1F69C329EFA3A200BEE46F /* Classes */,
				DE1F699F29EFA31900BEE46F /* Preview Content */,
			);
			path = "Useless App";
			sourceTree = "<group>";
		};
		DE1F699F29EFA31900BEE46F /* Preview Content */ = {
			isa = PBXGroup;
			children = (
				DE1F69A029EFA31900BEE46F /* Preview Assets.xcassets */,
			);
			path = "Preview Content";
			sourceTree = "<group>";
		};
		DE1F69A929EFA31A00BEE46F /* Useless AppTests */ = {
			isa = PBXGroup;
			children = (
				DE1F69AA29EFA31A00BEE46F /* Useless_AppTests.swift */,
			);
			path = "Useless AppTests";
			sourceTree = "<group>";
		};
		DE1F69B329EFA31A00BEE46F /* Useless AppUITests */ = {
			isa = PBXGroup;
			children = (
				DE1F69B429EFA31A00BEE46F /* Useless_AppUITests.swift */,
				DE1F69B629EFA31A00BEE46F /* Useless_AppUITestsLaunchTests.swift */,
			);
			path = "Useless AppUITests";
			sourceTree = "<group>";
		};
		DE1F69C329EFA3A200BEE46F /* Classes */ = {
			isa = PBXGroup;
			children = (
				DE1F69C429EFA3B800BEE46F /* Links.swift */,
				DE1F69CB29EFA4E900BEE46F /* VisitedLinks.swift */,
			);
			path = Classes;
			sourceTree = "<group>";
		};
		DE1F69C629EFA45700BEE46F /* Views */ = {
			isa = PBXGroup;
			children = (
				DE1F69C729EFA47100BEE46F /* Welcome.swift */,
				DE1F69CD29EFA50A00BEE46F /* HistoryView.swift */,
			);
			path = Views;
			sourceTree = "<group>";
		};
/* End PBXGroup section */

/* Begin PBXNativeTarget section */
		DE1F699429EFA31600BEE46F /* Useless App */ = {
			isa = PBXNativeTarget;
			buildConfigurationList = DE1F69BA29EFA31A00BEE46F /* Build configuration list for PBXNativeTarget "Useless App" */;
			buildPhases = (
				DE1F699129EFA31600BEE46F /* Sources */,
				DE1F699229EFA31600BEE46F /* Frameworks */,
				DE1F699329EFA31600BEE46F /* Resources */,
			);
			buildRules = (
			);
			dependencies = (
			);
			name = "Useless App";
			packageProductDependencies = (
				DECA2E2629EFABF4007ACF5D /* GoogleMobileAds */,
			);
			productName = "Useless App";
			productReference = DE1F699529EFA31600BEE46F /* Useless App.app */;
			productType = "com.apple.product-type.application";
		};
		DE1F69A529EFA31A00BEE46F /* Useless AppTests */ = {
			isa = PBXNativeTarget;
			buildConfigurationList = DE1F69BD29EFA31A00BEE46F /* Build configuration list for PBXNativeTarget "Useless AppTests" */;
			buildPhases = (
				DE1F69A229EFA31A00BEE46F /* Sources */,
				DE1F69A329EFA31A00BEE46F /* Frameworks */,
				DE1F69A429EFA31A00BEE46F /* Resources */,
			);
			buildRules = (
			);
			dependencies = (
				DE1F69A829EFA31A00BEE46F /* PBXTargetDependency */,
			);
			name = "Useless AppTests";
			productName = "Useless AppTests";
			productReference = DE1F69A629EFA31A00BEE46F /* Useless AppTests.xctest */;
			productType = "com.apple.product-type.bundle.unit-test";
		};
		DE1F69AF29EFA31A00BEE46F /* Useless AppUITests */ = {
			isa = PBXNativeTarget;
			buildConfigurationList = DE1F69C029EFA31A00BEE46F /* Build configuration list for PBXNativeTarget "Useless AppUITests" */;
			buildPhases = (
				DE1F69AC29EFA31A00BEE46F /* Sources */,
				DE1F69AD29EFA31A00BEE46F /* Frameworks */,
				DE1F69AE29EFA31A00BEE46F /* Resources */,
			);
			buildRules = (
			);
			dependencies = (
				DE1F69B229EFA31A00BEE46F /* PBXTargetDependency */,
			);
			name = "Useless AppUITests";
			productName = "Useless AppUITests";
			productReference = DE1F69B029EFA31A00BEE46F /* Useless AppUITests.xctest */;
			productType = "com.apple.product-type.bundle.ui-testing";
		};
/* End PBXNativeTarget section */

/* Begin PBXProject section */
		DE1F698D29EFA31600BEE46F /* Project object */ = {
			isa = PBXProject;
			attributes = {
				BuildIndependentTargetsInParallel = 1;
				LastSwiftUpdateCheck = 1430;
				LastUpgradeCheck = 1430;
				TargetAttributes = {
					DE1F699429EFA31600BEE46F = {
						CreatedOnToolsVersion = 14.3;
					};
					DE1F69A529EFA31A00BEE46F = {
						CreatedOnToolsVersion = 14.3;
						TestTargetID = DE1F699429EFA31600BEE46F;
					};
					DE1F69AF29EFA31A00BEE46F = {
						CreatedOnToolsVersion = 14.3;
						TestTargetID = DE1F699429EFA31600BEE46F;
					};
				};
			};
			buildConfigurationList = DE1F699029EFA31600BEE46F /* Build configuration list for PBXProject "Useless App" */;
			compatibilityVersion = "Xcode 14.0";
			developmentRegion = en;
			hasScannedForEncodings = 0;
			knownRegions = (
				en,
				Base,
			);
			mainGroup = DE1F698C29EFA31600BEE46F;
			packageReferences = (
				DECA2E2529EFABF4007ACF5D /* XCRemoteSwiftPackageReference "swift-package-manager-google-mobile-ads" */,
			);
			productRefGroup = DE1F699629EFA31600BEE46F /* Products */;
			projectDirPath = "";
			projectRoot = "";
			targets = (
				DE1F699429EFA31600BEE46F /* Useless App */,
				DE1F69A529EFA31A00BEE46F /* Useless AppTests */,
				DE1F69AF29EFA31A00BEE46F /* Useless AppUITests */,
			);
		};
/* End PBXProject section */

/* Begin PBXResourcesBuildPhase section */
		DE1F699329EFA31600BEE46F /* Resources */ = {
			isa = PBXResourcesBuildPhase;
			buildActionMask = 2147483647;
			files = (
				DE1F69A129EFA31900BEE46F /* Preview Assets.xcassets in Resources */,
				DE1F699D29EFA31900BEE46F /* Assets.xcassets in Resources */,
			);
			runOnlyForDeploymentPostprocessing = 0;
		};
		DE1F69A429EFA31A00BEE46F /* Resources */ = {
			isa = PBXResourcesBuildPhase;
			buildActionMask = 2147483647;
			files = (
			);
			runOnlyForDeploymentPostprocessing = 0;
		};
		DE1F69AE29EFA31A00BEE46F /* Resources */ = {
			isa = PBXResourcesBuildPhase;
			buildActionMask = 2147483647;
			files = (
			);
			runOnlyForDeploymentPostprocessing = 0;
		};
/* End PBXResourcesBuildPhase section */

/* Begin PBXSourcesBuildPhase section */
		DE1F699129EFA31600BEE46F /* Sources */ = {
			isa = PBXSourcesBuildPhase;
			buildActionMask = 2147483647;
			files = (
				DE1F69C829EFA47200BEE46F /* Welcome.swift in Sources */,
				DE1F69CE29EFA50A00BEE46F /* HistoryView.swift in Sources */,
				DE1F699B29EFA31600BEE46F /* ContentView.swift in Sources */,
				DE1F69CC29EFA4E900BEE46F /* VisitedLinks.swift in Sources */,
				DE1F69C529EFA3B800BEE46F /* Links.swift in Sources */,
				DE1F699929EFA31600BEE46F /* Useless_AppApp.swift in Sources */,
			);
			runOnlyForDeploymentPostprocessing = 0;
		};
		DE1F69A229EFA31A00BEE46F /* Sources */ = {
			isa = PBXSourcesBuildPhase;
			buildActionMask = 2147483647;
			files = (
				DE1F69AB29EFA31A00BEE46F /* Useless_AppTests.swift in Sources */,
			);
			runOnlyForDeploymentPostprocessing = 0;
		};
		DE1F69AC29EFA31A00BEE46F /* Sources */ = {
			isa = PBXSourcesBuildPhase;
			buildActionMask = 2147483647;
			files = (
				DE1F69B529EFA31A00BEE46F /* Useless_AppUITests.swift in Sources */,
				DE1F69B729EFA31A00BEE46F /* Useless_AppUITestsLaunchTests.swift in Sources */,
			);
			runOnlyForDeploymentPostprocessing = 0;
		};
/* End PBXSourcesBuildPhase section */

/* Begin PBXTargetDependency section */
		DE1F69A829EFA31A00BEE46F /* PBXTargetDependency */ = {
			isa = PBXTargetDependency;
			target = DE1F699429EFA31600BEE46F /* Useless App */;
			targetProxy = DE1F69A729EFA31A00BEE46F /* PBXContainerItemProxy */;
		};
		DE1F69B229EFA31A00BEE46F /* PBXTargetDependency */ = {
			isa = PBXTargetDependency;
			target = DE1F699429EFA31600BEE46F /* Useless App */;
			targetProxy = DE1F69B129EFA31A00BEE46F /* PBXContainerItemProxy */;
		};
/* End PBXTargetDependency section */

/* Begin XCBuildConfiguration section */
		DE1F69B829EFA31A00BEE46F /* Debug */ = {
			isa = XCBuildConfiguration;
			buildSettings = {
				ALWAYS_SEARCH_USER_PATHS = NO;
				CLANG_ANALYZER_NONNULL = YES;
				CLANG_ANALYZER_NUMBER_OBJECT_CONVERSION = YES_AGGRESSIVE;
				CLANG_CXX_LANGUAGE_STANDARD = "gnu++20";
				CLANG_ENABLE_MODULES = YES;
				CLANG_ENABLE_OBJC_ARC = YES;
				CLANG_ENABLE_OBJC_WEAK = YES;
				CLANG_WARN_BLOCK_CAPTURE_AUTORELEASING = YES;
				CLANG_WARN_BOOL_CONVERSION = YES;
				CLANG_WARN_COMMA = YES;
				CLANG_WARN_CONSTANT_CONVERSION = YES;
				CLANG_WARN_DEPRECATED_OBJC_IMPLEMENTATIONS = YES;
				CLANG_WARN_DIRECT_OBJC_ISA_USAGE = YES_ERROR;
				CLANG_WARN_DOCUMENTATION_COMMENTS = YES;
				CLANG_WARN_EMPTY_BODY = YES;
				CLANG_WARN_ENUM_CONVERSION = YES;
				CLANG_WARN_INFINITE_RECURSION = YES;
				CLANG_WARN_INT_CONVERSION = YES;
				CLANG_WARN_NON_LITERAL_NULL_CONVERSION = YES;
				CLANG_WARN_OBJC_IMPLICIT_RETAIN_SELF = YES;
				CLANG_WARN_OBJC_LITERAL_CONVERSION = YES;
				CLANG_WARN_OBJC_ROOT_CLASS = YES_ERROR;
				CLANG_WARN_QUOTED_INCLUDE_IN_FRAMEWORK_HEADER = YES;
				CLANG_WARN_RANGE_LOOP_ANALYSIS = YES;
				CLANG_WARN_STRICT_PROTOTYPES = YES;
				CLANG_WARN_SUSPICIOUS_MOVE = YES;
				CLANG_WARN_UNGUARDED_AVAILABILITY = YES_AGGRESSIVE;
				CLANG_WARN_UNREACHABLE_CODE = YES;
				CLANG_WARN__DUPLICATE_METHOD_MATCH = YES;
				COPY_PHASE_STRIP = NO;
				DEBUG_INFORMATION_FORMAT = dwarf;
				ENABLE_STRICT_OBJC_MSGSEND = YES;
				ENABLE_TESTABILITY = YES;
				GCC_C_LANGUAGE_STANDARD = gnu11;
				GCC_DYNAMIC_NO_PIC = NO;
				GCC_NO_COMMON_BLOCKS = YES;
				GCC_OPTIMIZATION_LEVEL = 0;
				GCC_PREPROCESSOR_DEFINITIONS = (
					"DEBUG=1",
					"$(inherited)",
				);
				GCC_WARN_64_TO_32_BIT_CONVERSION = YES;
				GCC_WARN_ABOUT_RETURN_TYPE = YES_ERROR;
				GCC_WARN_UNDECLARED_SELECTOR = YES;
				GCC_WARN_UNINITIALIZED_AUTOS = YES_AGGRESSIVE;
				GCC_WARN_UNUSED_FUNCTION = YES;
				GCC_WARN_UNUSED_VARIABLE = YES;
				MTL_ENABLE_DEBUG_INFO = INCLUDE_SOURCE;
				MTL_FAST_MATH = YES;
				ONLY_ACTIVE_ARCH = YES;
				SWIFT_ACTIVE_COMPILATION_CONDITIONS = DEBUG;
				SWIFT_OPTIMIZATION_LEVEL = "-Onone";
			};
			name = Debug;
		};
		DE1F69B929EFA31A00BEE46F /* Release */ = {
			isa = XCBuildConfiguration;
			buildSettings = {
				ALWAYS_SEARCH_USER_PATHS = NO;
				CLANG_ANALYZER_NONNULL = YES;
				CLANG_ANALYZER_NUMBER_OBJECT_CONVERSION = YES_AGGRESSIVE;
				CLANG_CXX_LANGUAGE_STANDARD = "gnu++20";
				CLANG_ENABLE_MODULES = YES;
				CLANG_ENABLE_OBJC_ARC = YES;
				CLANG_ENABLE_OBJC_WEAK = YES;
				CLANG_WARN_BLOCK_CAPTURE_AUTORELEASING = YES;
				CLANG_WARN_BOOL_CONVERSION = YES;
				CLANG_WARN_COMMA = YES;
				CLANG_WARN_CONSTANT_CONVERSION = YES;
				CLANG_WARN_DEPRECATED_OBJC_IMPLEMENTATIONS = YES;
				CLANG_WARN_DIRECT_OBJC_ISA_USAGE = YES_ERROR;
				CLANG_WARN_DOCUMENTATION_COMMENTS = YES;
				CLANG_WARN_EMPTY_BODY = YES;
				CLANG_WARN_ENUM_CONVERSION = YES;
				CLANG_WARN_INFINITE_RECURSION = YES;
				CLANG_WARN_INT_CONVERSION = YES;
				CLANG_WARN_NON_LITERAL_NULL_CONVERSION = YES;
				CLANG_WARN_OBJC_IMPLICIT_RETAIN_SELF = YES;
				CLANG_WARN_OBJC_LITERAL_CONVERSION = YES;
				CLANG_WARN_OBJC_ROOT_CLASS = YES_ERROR;
				CLANG_WARN_QUOTED_INCLUDE_IN_FRAMEWORK_HEADER = YES;
				CLANG_WARN_RANGE_LOOP_ANALYSIS = YES;
				CLANG_WARN_STRICT_PROTOTYPES = YES;
				CLANG_WARN_SUSPICIOUS_MOVE = YES;
				CLANG_WARN_UNGUARDED_AVAILABILITY = YES_AGGRESSIVE;
				CLANG_WARN_UNREACHABLE_CODE = YES;
				CLANG_WARN__DUPLICATE_METHOD_MATCH = YES;
				COPY_PHASE_STRIP = NO;
				DEBUG_INFORMATION_FORMAT = "dwarf-with-dsym";
				ENABLE_NS_ASSERTIONS = NO;
				ENABLE_STRICT_OBJC_MSGSEND = YES;
				GCC_C_LANGUAGE_STANDARD = gnu11;
				GCC_NO_COMMON_BLOCKS = YES;
				GCC_WARN_64_TO_32_BIT_CONVERSION = YES;
				GCC_WARN_ABOUT_RETURN_TYPE = YES_ERROR;
				GCC_WARN_UNDECLARED_SELECTOR = YES;
				GCC_WARN_UNINITIALIZED_AUTOS = YES_AGGRESSIVE;
				GCC_WARN_UNUSED_FUNCTION = YES;
				GCC_WARN_UNUSED_VARIABLE = YES;
				MTL_ENABLE_DEBUG_INFO = NO;
				MTL_FAST_MATH = YES;
				SWIFT_COMPILATION_MODE = wholemodule;
				SWIFT_OPTIMIZATION_LEVEL = "-O";
			};
			name = Release;
		};
		DE1F69BB29EFA31A00BEE46F /* Debug */ = {
			isa = XCBuildConfiguration;
			buildSettings = {
				ASSETCATALOG_COMPILER_APPICON_NAME = AppIcon;
				ASSETCATALOG_COMPILER_GLOBAL_ACCENT_COLOR_NAME = AccentColor;
				CODE_SIGN_ENTITLEMENTS = "Useless App/Useless_App.entitlements";
				CODE_SIGN_STYLE = Automatic;
				CURRENT_PROJECT_VERSION = 1;
				DEVELOPMENT_ASSET_PATHS = "\"Useless App/Preview Content\"";
				DEVELOPMENT_TEAM = 6794GHGDT3;
				ENABLE_HARDENED_RUNTIME = YES;
				ENABLE_PREVIEWS = YES;
				GENERATE_INFOPLIST_FILE = YES;
				INFOPLIST_FILE = "Useless-App-Info.plist";
				INFOPLIST_KEY_LSApplicationCategoryType = "public.app-category.entertainment";
				"INFOPLIST_KEY_UIApplicationSceneManifest_Generation[sdk=iphoneos*]" = YES;
				"INFOPLIST_KEY_UIApplicationSceneManifest_Generation[sdk=iphonesimulator*]" = YES;
				"INFOPLIST_KEY_UIApplicationSupportsIndirectInputEvents[sdk=iphoneos*]" = YES;
				"INFOPLIST_KEY_UIApplicationSupportsIndirectInputEvents[sdk=iphonesimulator*]" = YES;
				"INFOPLIST_KEY_UILaunchScreen_Generation[sdk=iphoneos*]" = YES;
				"INFOPLIST_KEY_UILaunchScreen_Generation[sdk=iphonesimulator*]" = YES;
				"INFOPLIST_KEY_UIStatusBarStyle[sdk=iphoneos*]" = UIStatusBarStyleDefault;
				"INFOPLIST_KEY_UIStatusBarStyle[sdk=iphonesimulator*]" = UIStatusBarStyleDefault;
				INFOPLIST_KEY_UISupportedInterfaceOrientations = UIInterfaceOrientationPortrait;
				INFOPLIST_KEY_UISupportedInterfaceOrientations_iPad = "UIInterfaceOrientationLandscapeLeft UIInterfaceOrientationLandscapeRight UIInterfaceOrientationPortrait UIInterfaceOrientationPortraitUpsideDown";
				IPHONEOS_DEPLOYMENT_TARGET = 16.0;
				LD_RUNPATH_SEARCH_PATHS = "@executable_path/Frameworks";
				"LD_RUNPATH_SEARCH_PATHS[sdk=macosx*]" = "@executable_path/../Frameworks";
				MACOSX_DEPLOYMENT_TARGET = 13.0;
				MARKETING_VERSION = 1.0;
				PRODUCT_BUNDLE_IDENTIFIER = "com.ecg.Useless-App";
				PRODUCT_NAME = "$(TARGET_NAME)";
				SDKROOT = auto;
				SUPPORTED_PLATFORMS = "iphoneos iphonesimulator macosx";
				SWIFT_EMIT_LOC_STRINGS = YES;
				SWIFT_VERSION = 5.0;
				TARGETED_DEVICE_FAMILY = "1,2";
			};
			name = Debug;
		};
		DE1F69BC29EFA31A00BEE46F /* Release */ = {
			isa = XCBuildConfiguration;
			buildSettings = {
				ASSETCATALOG_COMPILER_APPICON_NAME = AppIcon;
				ASSETCATALOG_COMPILER_GLOBAL_ACCENT_COLOR_NAME = AccentColor;
				CODE_SIGN_ENTITLEMENTS = "Useless App/Useless_App.entitlements";
				CODE_SIGN_STYLE = Automatic;
				CURRENT_PROJECT_VERSION = 1;
				DEVELOPMENT_ASSET_PATHS = "\"Useless App/Preview Content\"";
				DEVELOPMENT_TEAM = 6794GHGDT3;
				ENABLE_HARDENED_RUNTIME = YES;
				ENABLE_PREVIEWS = YES;
				GENERATE_INFOPLIST_FILE = YES;
				INFOPLIST_FILE = "Useless-App-Info.plist";
				INFOPLIST_KEY_LSApplicationCategoryType = "public.app-category.entertainment";
				"INFOPLIST_KEY_UIApplicationSceneManifest_Generation[sdk=iphoneos*]" = YES;
				"INFOPLIST_KEY_UIApplicationSceneManifest_Generation[sdk=iphonesimulator*]" = YES;
				"INFOPLIST_KEY_UIApplicationSupportsIndirectInputEvents[sdk=iphoneos*]" = YES;
				"INFOPLIST_KEY_UIApplicationSupportsIndirectInputEvents[sdk=iphonesimulator*]" = YES;
				"INFOPLIST_KEY_UILaunchScreen_Generation[sdk=iphoneos*]" = YES;
				"INFOPLIST_KEY_UILaunchScreen_Generation[sdk=iphonesimulator*]" = YES;
				"INFOPLIST_KEY_UIStatusBarStyle[sdk=iphoneos*]" = UIStatusBarStyleDefault;
				"INFOPLIST_KEY_UIStatusBarStyle[sdk=iphonesimulator*]" = UIStatusBarStyleDefault;
				INFOPLIST_KEY_UISupportedInterfaceOrientations = UIInterfaceOrientationPortrait;
				INFOPLIST_KEY_UISupportedInterfaceOrientations_iPad = "UIInterfaceOrientationLandscapeLeft UIInterfaceOrientationLandscapeRight UIInterfaceOrientationPortrait UIInterfaceOrientationPortraitUpsideDown";
				IPHONEOS_DEPLOYMENT_TARGET = 16.0;
				LD_RUNPATH_SEARCH_PATHS = "@executable_path/Frameworks";
				"LD_RUNPATH_SEARCH_PATHS[sdk=macosx*]" = "@executable_path/../Frameworks";
				MACOSX_DEPLOYMENT_TARGET = 13.0;
				MARKETING_VERSION = 1.0;
				PRODUCT_BUNDLE_IDENTIFIER = "com.ecg.Useless-App";
				PRODUCT_NAME = "$(TARGET_NAME)";
				SDKROOT = auto;
				SUPPORTED_PLATFORMS = "iphoneos iphonesimulator macosx";
				SWIFT_EMIT_LOC_STRINGS = YES;
				SWIFT_VERSION = 5.0;
				TARGETED_DEVICE_FAMILY = "1,2";
			};
			name = Release;
		};
		DE1F69BE29EFA31A00BEE46F /* Debug */ = {
			isa = XCBuildConfiguration;
			buildSettings = {
				ALWAYS_EMBED_SWIFT_STANDARD_LIBRARIES = YES;
				BUNDLE_LOADER = "$(TEST_HOST)";
				CODE_SIGN_STYLE = Automatic;
				CURRENT_PROJECT_VERSION = 1;
				DEVELOPMENT_TEAM = 6794GHGDT3;
				GENERATE_INFOPLIST_FILE = YES;
				IPHONEOS_DEPLOYMENT_TARGET = 16.4;
				MACOSX_DEPLOYMENT_TARGET = 13.3;
				MARKETING_VERSION = 1.0;
				PRODUCT_BUNDLE_IDENTIFIER = "com.ecg.Useless-AppTests";
				PRODUCT_NAME = "$(TARGET_NAME)";
				SDKROOT = auto;
				SUPPORTED_PLATFORMS = "iphoneos iphonesimulator macosx";
				SWIFT_EMIT_LOC_STRINGS = NO;
				SWIFT_VERSION = 5.0;
				TARGETED_DEVICE_FAMILY = "1,2";
				TEST_HOST = "$(BUILT_PRODUCTS_DIR)/Useless App.app/$(BUNDLE_EXECUTABLE_FOLDER_PATH)/Useless App";
			};
			name = Debug;
		};
		DE1F69BF29EFA31A00BEE46F /* Release */ = {
			isa = XCBuildConfiguration;
			buildSettings = {
				ALWAYS_EMBED_SWIFT_STANDARD_LIBRARIES = YES;
				BUNDLE_LOADER = "$(TEST_HOST)";
				CODE_SIGN_STYLE = Automatic;
				CURRENT_PROJECT_VERSION = 1;
				DEVELOPMENT_TEAM = 6794GHGDT3;
				GENERATE_INFOPLIST_FILE = YES;
				IPHONEOS_DEPLOYMENT_TARGET = 16.4;
				MACOSX_DEPLOYMENT_TARGET = 13.3;
				MARKETING_VERSION = 1.0;
				PRODUCT_BUNDLE_IDENTIFIER = "com.ecg.Useless-AppTests";
				PRODUCT_NAME = "$(TARGET_NAME)";
				SDKROOT = auto;
				SUPPORTED_PLATFORMS = "iphoneos iphonesimulator macosx";
				SWIFT_EMIT_LOC_STRINGS = NO;
				SWIFT_VERSION = 5.0;
				TARGETED_DEVICE_FAMILY = "1,2";
				TEST_HOST = "$(BUILT_PRODUCTS_DIR)/Useless App.app/$(BUNDLE_EXECUTABLE_FOLDER_PATH)/Useless App";
			};
			name = Release;
		};
		DE1F69C129EFA31A00BEE46F /* Debug */ = {
			isa = XCBuildConfiguration;
			buildSettings = {
				ALWAYS_EMBED_SWIFT_STANDARD_LIBRARIES = YES;
				CODE_SIGN_STYLE = Automatic;
				CURRENT_PROJECT_VERSION = 1;
				DEVELOPMENT_TEAM = 6794GHGDT3;
				GENERATE_INFOPLIST_FILE = YES;
				IPHONEOS_DEPLOYMENT_TARGET = 16.4;
				MACOSX_DEPLOYMENT_TARGET = 13.3;
				MARKETING_VERSION = 1.0;
				PRODUCT_BUNDLE_IDENTIFIER = "com.ecg.Useless-AppUITests";
				PRODUCT_NAME = "$(TARGET_NAME)";
				SDKROOT = auto;
				SUPPORTED_PLATFORMS = "iphoneos iphonesimulator macosx";
				SWIFT_EMIT_LOC_STRINGS = NO;
				SWIFT_VERSION = 5.0;
				TARGETED_DEVICE_FAMILY = "1,2";
				TEST_TARGET_NAME = "Useless App";
			};
			name = Debug;
		};
		DE1F69C229EFA31A00BEE46F /* Release */ = {
			isa = XCBuildConfiguration;
			buildSettings = {
				ALWAYS_EMBED_SWIFT_STANDARD_LIBRARIES = YES;
				CODE_SIGN_STYLE = Automatic;
				CURRENT_PROJECT_VERSION = 1;
				DEVELOPMENT_TEAM = 6794GHGDT3;
				GENERATE_INFOPLIST_FILE = YES;
				IPHONEOS_DEPLOYMENT_TARGET = 16.4;
				MACOSX_DEPLOYMENT_TARGET = 13.3;
				MARKETING_VERSION = 1.0;
				PRODUCT_BUNDLE_IDENTIFIER = "com.ecg.Useless-AppUITests";
				PRODUCT_NAME = "$(TARGET_NAME)";
				SDKROOT = auto;
				SUPPORTED_PLATFORMS = "iphoneos iphonesimulator macosx";
				SWIFT_EMIT_LOC_STRINGS = NO;
				SWIFT_VERSION = 5.0;
				TARGETED_DEVICE_FAMILY = "1,2";
				TEST_TARGET_NAME = "Useless App";
			};
			name = Release;
		};
/* End XCBuildConfiguration section */

/* Begin XCConfigurationList section */
		DE1F699029EFA31600BEE46F /* Build configuration list for PBXProject "Useless App" */ = {
			isa = XCConfigurationList;
			buildConfigurations = (
				DE1F69B829EFA31A00BEE46F /* Debug */,
				DE1F69B929EFA31A00BEE46F /* Release */,
			);
			defaultConfigurationIsVisible = 0;
			defaultConfigurationName = Release;
		};
		DE1F69BA29EFA31A00BEE46F /* Build configuration list for PBXNativeTarget "Useless App" */ = {
			isa = XCConfigurationList;
			buildConfigurations = (
				DE1F69BB29EFA31A00BEE46F /* Debug */,
				DE1F69BC29EFA31A00BEE46F /* Release */,
			);
			defaultConfigurationIsVisible = 0;
			defaultConfigurationName = Release;
		};
		DE1F69BD29EFA31A00BEE46F /* Build configuration list for PBXNativeTarget "Useless AppTests" */ = {
			isa = XCConfigurationList;
			buildConfigurations = (
				DE1F69BE29EFA31A00BEE46F /* Debug */,
				DE1F69BF29EFA31A00BEE46F /* Release */,
			);
			defaultConfigurationIsVisible = 0;
			defaultConfigurationName = Release;
		};
		DE1F69C029EFA31A00BEE46F /* Build configuration list for PBXNativeTarget "Useless AppUITests" */ = {
			isa = XCConfigurationList;
			buildConfigurations = (
				DE1F69C129EFA31A00BEE46F /* Debug */,
				DE1F69C229EFA31A00BEE46F /* Release */,
			);
			defaultConfigurationIsVisible = 0;
			defaultConfigurationName = Release;
		};
/* End XCConfigurationList section */

/* Begin XCRemoteSwiftPackageReference section */
		DECA2E2529EFABF4007ACF5D /* XCRemoteSwiftPackageReference "swift-package-manager-google-mobile-ads" */ = {
			isa = XCRemoteSwiftPackageReference;
			repositoryURL = "https://github.com/googleads/swift-package-manager-google-mobile-ads.git";
			requirement = {
				kind = upToNextMajorVersion;
				minimumVersion = 10.0.0;
			};
		};
/* End XCRemoteSwiftPackageReference section */

/* Begin XCSwiftPackageProductDependency section */
		DECA2E2629EFABF4007ACF5D /* GoogleMobileAds */ = {
			isa = XCSwiftPackageProductDependency;
			package = DECA2E2529EFABF4007ACF5D /* XCRemoteSwiftPackageReference "swift-package-manager-google-mobile-ads" */;
			productName = GoogleMobileAds;
		};
/* End XCSwiftPackageProductDependency section */
	};
	rootObject = DE1F698D29EFA31600BEE46F /* Project object */;
}
